
Microsoft Visual Studio Solution File, Format Version 12.00
# Visual Studio Version 17
VisualStudioVersion = 17.0.31903.59
MinimumVisualStudioVersion = 10.0.40219.1
Project("{9A19103F-16F7-4668-BE54-9A1E7A4F7556}") = "API", "API\API.csproj", "{2BF072DB-3F99-4036-AF91-4DFD5EE48182}"
EndProject
Project("{FAE04EC0-301F-11D3-BF4B-00C04F79EFBC}") = "Core", "Core\Core.csproj", "{EBE577D3-866B-4440-9B9E-B8C3D19A6E4E}"
EndProject
Project("{FAE04EC0-301F-11D3-BF4B-00C04F79EFBC}") = "Infrastructure", "Infrastructure\Infrastructure.csproj", "{0D21AC52-03A8-4BE1-A9B2-86172CEA8F31}"
EndProject
Global
	GlobalSection(SolutionConfigurationPlatforms) = preSolution
		Debug|Any CPU = Debug|Any CPU
		Release|Any CPU = Release|Any CPU
	EndGlobalSection
	GlobalSection(ProjectConfigurationPlatforms) = postSolution
		{2BF072DB-3F99-4036-AF91-4DFD5EE48182}.Debug|Any CPU.ActiveCfg = Debug|Any CPU
		{2BF072DB-3F99-4036-AF91-4DFD5EE48182}.Debug|Any CPU.Build.0 = Debug|Any CPU
		{2BF072DB-3F99-4036-AF91-4DFD5EE48182}.Release|Any CPU.ActiveCfg = Release|Any CPU
		{2BF072DB-3F99-4036-AF91-4DFD5EE48182}.Release|Any CPU.Build.0 = Release|Any CPU
		{EBE577D3-866B-4440-9B9E-B8C3D19A6E4E}.Debug|Any CPU.ActiveCfg = Debug|Any CPU
		{EBE577D3-866B-4440-9B9E-B8C3D19A6E4E}.Debug|Any CPU.Build.0 = Debug|Any CPU
		{EBE577D3-866B-4440-9B9E-B8C3D19A6E4E}.Release|Any CPU.ActiveCfg = Release|Any CPU
		{EBE577D3-866B-4440-9B9E-B8C3D19A6E4E}.Release|Any CPU.Build.0 = Release|Any CPU
		{0D21AC52-03A8-4BE1-A9B2-86172CEA8F31}.Debug|Any CPU.ActiveCfg = Debug|Any CPU
		{0D21AC52-03A8-4BE1-A9B2-86172CEA8F31}.Debug|Any CPU.Build.0 = Debug|Any CPU
		{0D21AC52-03A8-4BE1-A9B2-86172CEA8F31}.Release|Any CPU.ActiveCfg = Release|Any CPU
		{0D21AC52-03A8-4BE1-A9B2-86172CEA8F31}.Release|Any CPU.Build.0 = Release|Any CPU
	EndGlobalSection
	GlobalSection(SolutionProperties) = preSolution
		HideSolutionNode = FALSE
	EndGlobalSection
	GlobalSection(ExtensibilityGlobals) = postSolution
		SolutionGuid = {F999B1C9-0574-4476-B925-E773985EC6F5}
	EndGlobalSection
EndGlobal
